
Microsoft Visual Studio Solution File, Format Version 12.00
# Visual Studio Version 16
VisualStudioVersion = 16.0.30503.244
MinimumVisualStudioVersion = 10.0.40219.1
Project("{FAE04EC0-301F-11D3-BF4B-00C04F79EFBC}") = "CoffeeShop", "CoffeeShop\CoffeeShop.csproj", "{DD45C808-DE9B-468E-A200-271B7CF5A9FF}"
EndProject
Global
	GlobalSection(SolutionConfigurationPlatforms) = preSolution
		Debug|Any CPU = Debug|Any CPU
		Release|Any CPU = Release|Any CPU
	EndGlobalSection
	GlobalSection(ProjectConfigurationPlatforms) = postSolution
		{DD45C808-DE9B-468E-A200-271B7CF5A9FF}.Debug|Any CPU.ActiveCfg = Debug|Any CPU
		{DD45C808-DE9B-468E-A200-271B7CF5A9FF}.Debug|Any CPU.Build.0 = Debug|Any CPU
		{DD45C808-DE9B-468E-A200-271B7CF5A9FF}.Release|Any CPU.ActiveCfg = Release|Any CPU
		{DD45C808-DE9B-468E-A200-271B7CF5A9FF}.Release|Any CPU.Build.0 = Release|Any CPU
	EndGlobalSection
	GlobalSection(SolutionProperties) = preSolution
		HideSolutionNode = FALSE
	EndGlobalSection
	GlobalSection(ExtensibilityGlobals) = postSolution
		SolutionGuid = {D5BC1FA9-D364-434C-B650-8F62DEC3981E}
	EndGlobalSection
EndGlobal
